
Microsoft Visual Studio Solution File, Format Version 12.00
# Visual Studio Version 16
VisualStudioVersion = 16.0.29728.190
MinimumVisualStudioVersion = 10.0.40219.1
Project("{FAE04EC0-301F-11D3-BF4B-00C04F79EFBC}") = "OOP assaignement 3", "OOP assaignement 3\OOP assaignement 3.csproj", "{96F002BF-06DC-49A6-9D51-884A833E82A5}"
EndProject
Global
	GlobalSection(SolutionConfigurationPlatforms) = preSolution
		Debug|Any CPU = Debug|Any CPU
		Release|Any CPU = Release|Any CPU
	EndGlobalSection
	GlobalSection(ProjectConfigurationPlatforms) = postSolution
		{96F002BF-06DC-49A6-9D51-884A833E82A5}.Debug|Any CPU.ActiveCfg = Debug|Any CPU
		{96F002BF-06DC-49A6-9D51-884A833E82A5}.Debug|Any CPU.Build.0 = Debug|Any CPU
		{96F002BF-06DC-49A6-9D51-884A833E82A5}.Release|Any CPU.ActiveCfg = Release|Any CPU
		{96F002BF-06DC-49A6-9D51-884A833E82A5}.Release|Any CPU.Build.0 = Release|Any CPU
	EndGlobalSection
	GlobalSection(SolutionProperties) = preSolution
		HideSolutionNode = FALSE
	EndGlobalSection
	GlobalSection(ExtensibilityGlobals) = postSolution
		SolutionGuid = {BCBAA311-D24C-4D5A-9271-89CF9194DFBD}
	EndGlobalSection
EndGlobal
